github.com/cheekybits/is v0.0.0-20150225183255-68e9c0620927/go.mod h1:h/aW8ynjgkuj+NQRlZcDbAbM1ORAbXjXX77sX7T289U=
github.com/feixiao/wav v0.0.0-20190511041300-ed468c2c6827 h1:qSKKWmn1YZmrxQ6/iJZ9VhixgM8TRNsm+KC3gnV2uQk=
github.com/feixiao/wav v0.0.0-20190511041300-ed468c2c6827/go.mod h1:a0C9H3ni8q3Q0wCRFCC1moDAcB9a2wh2xrqyPctG5Y0=
